
Microsoft Visual Studio Solution File, Format Version 9.00
# Visual Studio 2005
Project("{8BC9CEB8-8B4A-11D0-8D11-00A0C91BC942}") = "Chapter2", "Chapter2\Chapter2.vcproj", "{D6EE8DE6-1F7E-4BC0-A46C-0818C6B99E01}"
EndProject
Global
	GlobalSection(SolutionConfigurationPlatforms) = preSolution
		Debug|Win32 = Debug|Win32
		Release|Win32 = Release|Win32
	EndGlobalSection
	GlobalSection(ProjectConfigurationPlatforms) = postSolution
		{D6EE8DE6-1F7E-4BC0-A46C-0818C6B99E01}.Debug|Win32.ActiveCfg = Debug|Win32
		{D6EE8DE6-1F7E-4BC0-A46C-0818C6B99E01}.Debug|Win32.Build.0 = Debug|Win32
		{D6EE8DE6-1F7E-4BC0-A46C-0818C6B99E01}.Release|Win32.ActiveCfg = Release|Win32
		{D6EE8DE6-1F7E-4BC0-A46C-0818C6B99E01}.Release|Win32.Build.0 = Release|Win32
	EndGlobalSection
	GlobalSection(SolutionProperties) = preSolution
		HideSolutionNode = FALSE
	EndGlobalSection
EndGlobal
